
Microsoft Visual Studio Solution File, Format Version 11.00
# Visual Basic Express 2010
Project("{F184B08F-C81C-45F6-A57F-5ABD9991F28F}") = "About", "About\About.vbproj", "{992B5774-29DA-4E72-BA22-8CE4E63F7BFB}"
EndProject
Global
	GlobalSection(SolutionConfigurationPlatforms) = preSolution
		Debug|x86 = Debug|x86
		Release|x86 = Release|x86
	EndGlobalSection
	GlobalSection(ProjectConfigurationPlatforms) = postSolution
		{992B5774-29DA-4E72-BA22-8CE4E63F7BFB}.Debug|x86.ActiveCfg = Debug|x86
		{992B5774-29DA-4E72-BA22-8CE4E63F7BFB}.Debug|x86.Build.0 = Debug|x86
		{992B5774-29DA-4E72-BA22-8CE4E63F7BFB}.Release|x86.ActiveCfg = Release|x86
		{992B5774-29DA-4E72-BA22-8CE4E63F7BFB}.Release|x86.Build.0 = Release|x86
	EndGlobalSection
	GlobalSection(SolutionProperties) = preSolution
		HideSolutionNode = FALSE
	EndGlobalSection
EndGlobal
